
Microsoft Visual Studio Solution File, Format Version 12.00
# Visual Studio 15
VisualStudioVersion = 15.0.27428.2027
MinimumVisualStudioVersion = 10.0.40219.1
Project("{FAE04EC0-301F-11D3-BF4B-00C04F79EFBC}") = "GatesCandyStore_AlbrechtKristen", "GatesCandy\GatesCandyStore_AlbrechtKristen.csproj", "{6E887912-02C7-426D-A75D-E3022F02AFAB}"
EndProject
Global
	GlobalSection(SolutionConfigurationPlatforms) = preSolution
		Debug|Any CPU = Debug|Any CPU
		Release|Any CPU = Release|Any CPU
	EndGlobalSection
	GlobalSection(ProjectConfigurationPlatforms) = postSolution
		{6E887912-02C7-426D-A75D-E3022F02AFAB}.Debug|Any CPU.ActiveCfg = Debug|Any CPU
		{6E887912-02C7-426D-A75D-E3022F02AFAB}.Debug|Any CPU.Build.0 = Debug|Any CPU
		{6E887912-02C7-426D-A75D-E3022F02AFAB}.Release|Any CPU.ActiveCfg = Release|Any CPU
		{6E887912-02C7-426D-A75D-E3022F02AFAB}.Release|Any CPU.Build.0 = Release|Any CPU
	EndGlobalSection
	GlobalSection(SolutionProperties) = preSolution
		HideSolutionNode = FALSE
	EndGlobalSection
	GlobalSection(ExtensibilityGlobals) = postSolution
		SolutionGuid = {DD11C0A7-4AE1-4B10-A1FD-D2BE5FC32F40}
	EndGlobalSection
EndGlobal
